
Microsoft Visual Studio Solution File, Format Version 12.00
# Visual Studio Version 17
VisualStudioVersion = 17.5.33530.505
MinimumVisualStudioVersion = 10.0.40219.1
Project("{FAE04EC0-301F-11D3-BF4B-00C04F79EFBC}") = "gencay", "gencay\gencay.csproj", "{104901B0-B9F8-4B33-AB9E-4D0828B16D6E}"
EndProject
Global
	GlobalSection(SolutionConfigurationPlatforms) = preSolution
		Debug|Any CPU = Debug|Any CPU
		Release|Any CPU = Release|Any CPU
	EndGlobalSection
	GlobalSection(ProjectConfigurationPlatforms) = postSolution
		{104901B0-B9F8-4B33-AB9E-4D0828B16D6E}.Debug|Any CPU.ActiveCfg = Debug|Any CPU
		{104901B0-B9F8-4B33-AB9E-4D0828B16D6E}.Debug|Any CPU.Build.0 = Debug|Any CPU
		{104901B0-B9F8-4B33-AB9E-4D0828B16D6E}.Release|Any CPU.ActiveCfg = Release|Any CPU
		{104901B0-B9F8-4B33-AB9E-4D0828B16D6E}.Release|Any CPU.Build.0 = Release|Any CPU
	EndGlobalSection
	GlobalSection(SolutionProperties) = preSolution
		HideSolutionNode = FALSE
	EndGlobalSection
	GlobalSection(ExtensibilityGlobals) = postSolution
		SolutionGuid = {5F4E262B-F7FD-455C-A6AA-592783E6DFD9}
	EndGlobalSection
EndGlobal
