
Microsoft Visual Studio Solution File, Format Version 12.00
# Visual Studio Version 17
VisualStudioVersion = 17.5.33530.505
MinimumVisualStudioVersion = 10.0.40219.1
Project("{FAE04EC0-301F-11D3-BF4B-00C04F79EFBC}") = "YarenSuYavuzBut", "YarenSuYavuzBut\YarenSuYavuzBut.csproj", "{5B3031B8-A935-4FAC-909A-BCFE80DA6324}"
EndProject
Global
	GlobalSection(SolutionConfigurationPlatforms) = preSolution
		Debug|Any CPU = Debug|Any CPU
		Release|Any CPU = Release|Any CPU
	EndGlobalSection
	GlobalSection(ProjectConfigurationPlatforms) = postSolution
		{5B3031B8-A935-4FAC-909A-BCFE80DA6324}.Debug|Any CPU.ActiveCfg = Debug|Any CPU
		{5B3031B8-A935-4FAC-909A-BCFE80DA6324}.Debug|Any CPU.Build.0 = Debug|Any CPU
		{5B3031B8-A935-4FAC-909A-BCFE80DA6324}.Release|Any CPU.ActiveCfg = Release|Any CPU
		{5B3031B8-A935-4FAC-909A-BCFE80DA6324}.Release|Any CPU.Build.0 = Release|Any CPU
	EndGlobalSection
	GlobalSection(SolutionProperties) = preSolution
		HideSolutionNode = FALSE
	EndGlobalSection
	GlobalSection(ExtensibilityGlobals) = postSolution
		SolutionGuid = {9C8570AA-EDB9-4306-9550-A893E1F978F7}
	EndGlobalSection
EndGlobal
