
Microsoft Visual Studio Solution File, Format Version 12.00
# Visual Studio Version 17
VisualStudioVersion = 17.5.33530.505
MinimumVisualStudioVersion = 10.0.40219.1
Project("{FAE04EC0-301F-11D3-BF4B-00C04F79EFBC}") = "ApiYoutube", "ApiYoutube\ApiYoutube.csproj", "{DB051B1B-D15D-419A-B0C6-FEF69BF5053A}"
EndProject
Global
	GlobalSection(SolutionConfigurationPlatforms) = preSolution
		Debug|Any CPU = Debug|Any CPU
		Release|Any CPU = Release|Any CPU
	EndGlobalSection
	GlobalSection(ProjectConfigurationPlatforms) = postSolution
		{DB051B1B-D15D-419A-B0C6-FEF69BF5053A}.Debug|Any CPU.ActiveCfg = Debug|Any CPU
		{DB051B1B-D15D-419A-B0C6-FEF69BF5053A}.Debug|Any CPU.Build.0 = Debug|Any CPU
		{DB051B1B-D15D-419A-B0C6-FEF69BF5053A}.Release|Any CPU.ActiveCfg = Release|Any CPU
		{DB051B1B-D15D-419A-B0C6-FEF69BF5053A}.Release|Any CPU.Build.0 = Release|Any CPU
	EndGlobalSection
	GlobalSection(SolutionProperties) = preSolution
		HideSolutionNode = FALSE
	EndGlobalSection
	GlobalSection(ExtensibilityGlobals) = postSolution
		SolutionGuid = {F2CB786B-6170-46B1-BD41-6C1B5958BEF2}
	EndGlobalSection
EndGlobal
